{
    "name": "frontcamp4",
    "version": "1.0.0",
    "lockfileVersion": 1,
    "requires": true,
    "dependencies": {
        "babel-plugin-array-includes": {
            "version": "2.0.3",
            "resolved": "https://registry.npmjs.org/babel-plugin-array-includes/-/babel-plugin-array-includes-2.0.3.tgz",
            "integrity": "sha1-z1RS6Bx7gD+3lZ8QRayI4uwo/3Y="
        }
    }
}
